
Microsoft Visual Studio Solution File, Format Version 12.00
# Visual Studio Version 16
VisualStudioVersion = 16.0.31205.134
MinimumVisualStudioVersion = 10.0.40219.1
Project("{8BC9CEB8-8B4A-11D0-8D11-00A0C91BC942}") = "ReadWriteMemoryDriver", "ReadWriteMemoryDriver.vcxproj", "{3760BC49-7E7D-4A84-8214-813D381518BF}"
EndProject
Project("{8BC9CEB8-8B4A-11D0-8D11-00A0C91BC942}") = "ReadWriteMemoryClient", "..\ReadWriteMemoryClient\ReadWriteMemoryClient.vcxproj", "{50977792-D7D6-4824-BAAB-B919AFA24AC0}"
EndProject
Project("{8BC9CEB8-8B4A-11D0-8D11-00A0C91BC942}") = "ReadWriteMemoryTestVictim", "..\ReadWriteMemoryTestVictim\ReadWriteMemoryTestVictim.vcxproj", "{B2DBE51C-A19C-4657-A361-C0704B8A8F85}"
EndProject
Global
	GlobalSection(SolutionConfigurationPlatforms) = preSolution
		Debug|ARM = Debug|ARM
		Debug|ARM64 = Debug|ARM64
		Debug|x64 = Debug|x64
		Debug|x86 = Debug|x86
		Release|ARM = Release|ARM
		Release|ARM64 = Release|ARM64
		Release|x64 = Release|x64
		Release|x86 = Release|x86
	EndGlobalSection
	GlobalSection(ProjectConfigurationPlatforms) = postSolution
		{3760BC49-7E7D-4A84-8214-813D381518BF}.Debug|ARM.ActiveCfg = Debug|ARM
		{3760BC49-7E7D-4A84-8214-813D381518BF}.Debug|ARM.Build.0 = Debug|ARM
		{3760BC49-7E7D-4A84-8214-813D381518BF}.Debug|ARM.Deploy.0 = Debug|ARM
		{3760BC49-7E7D-4A84-8214-813D381518BF}.Debug|ARM64.ActiveCfg = Debug|ARM64
		{3760BC49-7E7D-4A84-8214-813D381518BF}.Debug|ARM64.Build.0 = Debug|ARM64
		{3760BC49-7E7D-4A84-8214-813D381518BF}.Debug|ARM64.Deploy.0 = Debug|ARM64
		{3760BC49-7E7D-4A84-8214-813D381518BF}.Debug|x64.ActiveCfg = Debug|x64
		{3760BC49-7E7D-4A84-8214-813D381518BF}.Debug|x64.Build.0 = Debug|x64
		{3760BC49-7E7D-4A84-8214-813D381518BF}.Debug|x64.Deploy.0 = Debug|x64
		{3760BC49-7E7D-4A84-8214-813D381518BF}.Debug|x86.ActiveCfg = Debug|Win32
		{3760BC49-7E7D-4A84-8214-813D381518BF}.Debug|x86.Build.0 = Debug|Win32
		{3760BC49-7E7D-4A84-8214-813D381518BF}.Debug|x86.Deploy.0 = Debug|Win32
		{3760BC49-7E7D-4A84-8214-813D381518BF}.Release|ARM.ActiveCfg = Release|ARM
		{3760BC49-7E7D-4A84-8214-813D381518BF}.Release|ARM.Build.0 = Release|ARM
		{3760BC49-7E7D-4A84-8214-813D381518BF}.Release|ARM.Deploy.0 = Release|ARM
		{3760BC49-7E7D-4A84-8214-813D381518BF}.Release|ARM64.ActiveCfg = Release|ARM64
		{3760BC49-7E7D-4A84-8214-813D381518BF}.Release|ARM64.Build.0 = Release|ARM64
		{3760BC49-7E7D-4A84-8214-813D381518BF}.Release|ARM64.Deploy.0 = Release|ARM64
		{3760BC49-7E7D-4A84-8214-813D381518BF}.Release|x64.ActiveCfg = Release|x64
		{3760BC49-7E7D-4A84-8214-813D381518BF}.Release|x64.Build.0 = Release|x64
		{3760BC49-7E7D-4A84-8214-813D381518BF}.Release|x64.Deploy.0 = Release|x64
		{3760BC49-7E7D-4A84-8214-813D381518BF}.Release|x86.ActiveCfg = Release|Win32
		{3760BC49-7E7D-4A84-8214-813D381518BF}.Release|x86.Build.0 = Release|Win32
		{3760BC49-7E7D-4A84-8214-813D381518BF}.Release|x86.Deploy.0 = Release|Win32
		{50977792-D7D6-4824-BAAB-B919AFA24AC0}.Debug|ARM.ActiveCfg = Debug|Win32
		{50977792-D7D6-4824-BAAB-B919AFA24AC0}.Debug|ARM64.ActiveCfg = Debug|Win32
		{50977792-D7D6-4824-BAAB-B919AFA24AC0}.Debug|x64.ActiveCfg = Debug|x64
		{50977792-D7D6-4824-BAAB-B919AFA24AC0}.Debug|x64.Build.0 = Debug|x64
		{50977792-D7D6-4824-BAAB-B919AFA24AC0}.Debug|x86.ActiveCfg = Debug|Win32
		{50977792-D7D6-4824-BAAB-B919AFA24AC0}.Debug|x86.Build.0 = Debug|Win32
		{50977792-D7D6-4824-BAAB-B919AFA24AC0}.Release|ARM.ActiveCfg = Release|Win32
		{50977792-D7D6-4824-BAAB-B919AFA24AC0}.Release|ARM64.ActiveCfg = Release|Win32
		{50977792-D7D6-4824-BAAB-B919AFA24AC0}.Release|x64.ActiveCfg = Release|x64
		{50977792-D7D6-4824-BAAB-B919AFA24AC0}.Release|x64.Build.0 = Release|x64
		{50977792-D7D6-4824-BAAB-B919AFA24AC0}.Release|x86.ActiveCfg = Release|Win32
		{50977792-D7D6-4824-BAAB-B919AFA24AC0}.Release|x86.Build.0 = Release|Win32
		{B2DBE51C-A19C-4657-A361-C0704B8A8F85}.Debug|ARM.ActiveCfg = Debug|Win32
		{B2DBE51C-A19C-4657-A361-C0704B8A8F85}.Debug|ARM64.ActiveCfg = Debug|Win32
		{B2DBE51C-A19C-4657-A361-C0704B8A8F85}.Debug|x64.ActiveCfg = Debug|x64
		{B2DBE51C-A19C-4657-A361-C0704B8A8F85}.Debug|x64.Build.0 = Debug|x64
		{B2DBE51C-A19C-4657-A361-C0704B8A8F85}.Debug|x86.ActiveCfg = Debug|Win32
		{B2DBE51C-A19C-4657-A361-C0704B8A8F85}.Debug|x86.Build.0 = Debug|Win32
		{B2DBE51C-A19C-4657-A361-C0704B8A8F85}.Release|ARM.ActiveCfg = Release|Win32
		{B2DBE51C-A19C-4657-A361-C0704B8A8F85}.Release|ARM64.ActiveCfg = Release|Win32
		{B2DBE51C-A19C-4657-A361-C0704B8A8F85}.Release|x64.ActiveCfg = Release|x64
		{B2DBE51C-A19C-4657-A361-C0704B8A8F85}.Release|x64.Build.0 = Release|x64
		{B2DBE51C-A19C-4657-A361-C0704B8A8F85}.Release|x86.ActiveCfg = Release|Win32
		{B2DBE51C-A19C-4657-A361-C0704B8A8F85}.Release|x86.Build.0 = Release|Win32
	EndGlobalSection
	GlobalSection(SolutionProperties) = preSolution
		HideSolutionNode = FALSE
	EndGlobalSection
	GlobalSection(ExtensibilityGlobals) = postSolution
		SolutionGuid = {2BD1BA55-3F4F-4D88-9A97-14FCBEFB3F4D}
	EndGlobalSection
EndGlobal
